// !$*UTF8*$!
{
	archiveVersion = 1;
	classes = {
	};
	objectVersion = 55;
	objects = {

/* Begin PBXBuildFile section */
		523672E337557CCCBA182D8E /* Pods_FlixsterTests.framework in Frameworks */ = {isa = PBXBuildFile; fileRef = 33868FDD7462E764144C2FB0 /* Pods_FlixsterTests.framework */; };
		750ED2A2285A45B400C15625 /* AppDelegate.m in Sources */ = {isa = PBXBuildFile; fileRef = 750ED2A1285A45B400C15625 /* AppDelegate.m */; };
		750ED2A5285A45B400C15625 /* SceneDelegate.m in Sources */ = {isa = PBXBuildFile; fileRef = 750ED2A4285A45B400C15625 /* SceneDelegate.m */; };
		750ED2AB285A45B400C15625 /* Main.storyboard in Resources */ = {isa = PBXBuildFile; fileRef = 750ED2A9285A45B400C15625 /* Main.storyboard */; };
		750ED2AD285A45B500C15625 /* Assets.xcassets in Resources */ = {isa = PBXBuildFile; fileRef = 750ED2AC285A45B500C15625 /* Assets.xcassets */; };
		750ED2B0285A45B500C15625 /* LaunchScreen.storyboard in Resources */ = {isa = PBXBuildFile; fileRef = 750ED2AE285A45B500C15625 /* LaunchScreen.storyboard */; };
		750ED2B3285A45B500C15625 /* main.m in Sources */ = {isa = PBXBuildFile; fileRef = 750ED2B2285A45B500C15625 /* main.m */; };
		750ED2BD285A45B500C15625 /* FlixsterTests.m in Sources */ = {isa = PBXBuildFile; fileRef = 750ED2BC285A45B500C15625 /* FlixsterTests.m */; };
		750ED2C7285A45B500C15625 /* FlixsterUITests.m in Sources */ = {isa = PBXBuildFile; fileRef = 750ED2C6285A45B500C15625 /* FlixsterUITests.m */; };
		750ED2C9285A45B500C15625 /* FlixsterUITestsLaunchTests.m in Sources */ = {isa = PBXBuildFile; fileRef = 750ED2C8285A45B500C15625 /* FlixsterUITestsLaunchTests.m */; };
		75E8C5FF285BC59A00280D58 /* MovieViewController.m in Sources */ = {isa = PBXBuildFile; fileRef = 75E8C5FE285BC59A00280D58 /* MovieViewController.m */; };
		75E8C608285BC7E100280D58 /* MovieCell.m in Sources */ = {isa = PBXBuildFile; fileRef = 75E8C607285BC7E100280D58 /* MovieCell.m */; };
		75E8C60B285BF7E700280D58 /* GridViewController.m in Sources */ = {isa = PBXBuildFile; fileRef = 75E8C60A285BF7E700280D58 /* GridViewController.m */; };
		75E8C60E285C29FF00280D58 /* GridMovieCell.m in Sources */ = {isa = PBXBuildFile; fileRef = 75E8C60D285C29FF00280D58 /* GridMovieCell.m */; };
		75E8C61A285CE5D700280D58 /* DetailsViewController.m in Sources */ = {isa = PBXBuildFile; fileRef = 75E8C619285CE5D700280D58 /* DetailsViewController.m */; };
		B66F61268EDB0552E364E9FF /* Pods_Flixster.framework in Frameworks */ = {isa = PBXBuildFile; fileRef = 61BCCC92BF385C7660962ABD /* Pods_Flixster.framework */; };
		B77A126E64B5126336C4BC2F /* Pods_Flixster_FlixsterUITests.framework in Frameworks */ = {isa = PBXBuildFile; fileRef = 5283CC066E105EFA93C4B7F1 /* Pods_Flixster_FlixsterUITests.framework */; };
/* End PBXBuildFile section */

/* Begin PBXContainerItemProxy section */
		750ED2B9285A45B500C15625 /* PBXContainerItemProxy */ = {
			isa = PBXContainerItemProxy;
			containerPortal = 750ED295285A45B400C15625 /* Project object */;
			proxyType = 1;
			remoteGlobalIDString = 750ED29C285A45B400C15625;
			remoteInfo = Flixster;
		};
		750ED2C3285A45B500C15625 /* PBXContainerItemProxy */ = {
			isa = PBXContainerItemProxy;
			containerPortal = 750ED295285A45B400C15625 /* Project object */;
			proxyType = 1;
			remoteGlobalIDString = 750ED29C285A45B400C15625;
			remoteInfo = Flixster;
		};
/* End PBXContainerItemProxy section */

/* Begin PBXFileReference section */
		0B015EF169D4EF33B8B99D1A /* Pods-Flixster.release.xcconfig */ = {isa = PBXFileReference; includeInIndex = 1; lastKnownFileType = text.xcconfig; name = "Pods-Flixster.release.xcconfig"; path = "Target Support Files/Pods-Flixster/Pods-Flixster.release.xcconfig"; sourceTree = "<group>"; };
		33868FDD7462E764144C2FB0 /* Pods_FlixsterTests.framework */ = {isa = PBXFileReference; explicitFileType = wrapper.framework; includeInIndex = 0; path = Pods_FlixsterTests.framework; sourceTree = BUILT_PRODUCTS_DIR; };
		367F9C615929C31DCB7AC5AA /* Pods-FlixsterTests.debug.xcconfig */ = {isa = PBXFileReference; includeInIndex = 1; lastKnownFileType = text.xcconfig; name = "Pods-FlixsterTests.debug.xcconfig"; path = "Target Support Files/Pods-FlixsterTests/Pods-FlixsterTests.debug.xcconfig"; sourceTree = "<group>"; };
		5283CC066E105EFA93C4B7F1 /* Pods_Flixster_FlixsterUITests.framework */ = {isa = PBXFileReference; explicitFileType = wrapper.framework; includeInIndex = 0; path = Pods_Flixster_FlixsterUITests.framework; sourceTree = BUILT_PRODUCTS_DIR; };
		61BCCC92BF385C7660962ABD /* Pods_Flixster.framework */ = {isa = PBXFileReference; explicitFileType = wrapper.framework; includeInIndex = 0; path = Pods_Flixster.framework; sourceTree = BUILT_PRODUCTS_DIR; };
		750ED29D285A45B400C15625 /* Flixster.app */ = {isa = PBXFileReference; explicitFileType = wrapper.application; includeInIndex = 0; path = Flixster.app; sourceTree = BUILT_PRODUCTS_DIR; };
		750ED2A0285A45B400C15625 /* AppDelegate.h */ = {isa = PBXFileReference; lastKnownFileType = sourcecode.c.h; path = AppDelegate.h; sourceTree = "<group>"; };
		750ED2A1285A45B400C15625 /* AppDelegate.m */ = {isa = PBXFileReference; lastKnownFileType = sourcecode.c.objc; path = AppDelegate.m; sourceTree = "<group>"; };
		750ED2A3285A45B400C15625 /* SceneDelegate.h */ = {isa = PBXFileReference; lastKnownFileType = sourcecode.c.h; path = SceneDelegate.h; sourceTree = "<group>"; };
		750ED2A4285A45B400C15625 /* SceneDelegate.m */ = {isa = PBXFileReference; lastKnownFileType = sourcecode.c.objc; path = SceneDelegate.m; sourceTree = "<group>"; };
		750ED2AA285A45B400C15625 /* Base */ = {isa = PBXFileReference; lastKnownFileType = file.storyboard; name = Base; path = Base.lproj/Main.storyboard; sourceTree = "<group>"; };
		750ED2AC285A45B500C15625 /* Assets.xcassets */ = {isa = PBXFileReference; lastKnownFileType = folder.assetcatalog; path = Assets.xcassets; sourceTree = "<group>"; };
		750ED2AF285A45B500C15625 /* Base */ = {isa = PBXFileReference; lastKnownFileType = file.storyboard; name = Base; path = Base.lproj/LaunchScreen.storyboard; sourceTree = "<group>"; };
		750ED2B1285A45B500C15625 /* Info.plist */ = {isa = PBXFileReference; lastKnownFileType = text.plist.xml; path = Info.plist; sourceTree = "<group>"; };
		750ED2B2285A45B500C15625 /* main.m */ = {isa = PBXFileReference; lastKnownFileType = sourcecode.c.objc; path = main.m; sourceTree = "<group>"; };
		750ED2B8285A45B500C15625 /* FlixsterTests.xctest */ = {isa = PBXFileReference; explicitFileType = wrapper.cfbundle; includeInIndex = 0; path = FlixsterTests.xctest; sourceTree = BUILT_PRODUCTS_DIR; };
		750ED2BC285A45B500C15625 /* FlixsterTests.m */ = {isa = PBXFileReference; lastKnownFileType = sourcecode.c.objc; path = FlixsterTests.m; sourceTree = "<group>"; };
		750ED2C2285A45B500C15625 /* FlixsterUITests.xctest */ = {isa = PBXFileReference; explicitFileType = wrapper.cfbundle; includeInIndex = 0; path = FlixsterUITests.xctest; sourceTree = BUILT_PRODUCTS_DIR; };
		750ED2C6285A45B500C15625 /* FlixsterUITests.m */ = {isa = PBXFileReference; lastKnownFileType = sourcecode.c.objc; path = FlixsterUITests.m; sourceTree = "<group>"; };
		750ED2C8285A45B500C15625 /* FlixsterUITestsLaunchTests.m */ = {isa = PBXFileReference; lastKnownFileType = sourcecode.c.objc; path = FlixsterUITestsLaunchTests.m; sourceTree = "<group>"; };
		75E8C5FD285BC59A00280D58 /* MovieViewController.h */ = {isa = PBXFileReference; lastKnownFileType = sourcecode.c.h; path = MovieViewController.h; sourceTree = "<group>"; };
		75E8C5FE285BC59A00280D58 /* MovieViewController.m */ = {isa = PBXFileReference; lastKnownFileType = sourcecode.c.objc; path = MovieViewController.m; sourceTree = "<group>"; };
		75E8C606285BC7E100280D58 /* MovieCell.h */ = {isa = PBXFileReference; lastKnownFileType = sourcecode.c.h; path = MovieCell.h; sourceTree = "<group>"; };
		75E8C607285BC7E100280D58 /* MovieCell.m */ = {isa = PBXFileReference; lastKnownFileType = sourcecode.c.objc; path = MovieCell.m; sourceTree = "<group>"; };
		75E8C609285BF7E700280D58 /* GridViewController.h */ = {isa = PBXFileReference; lastKnownFileType = sourcecode.c.h; path = GridViewController.h; sourceTree = "<group>"; };
		75E8C60A285BF7E700280D58 /* GridViewController.m */ = {isa = PBXFileReference; lastKnownFileType = sourcecode.c.objc; path = GridViewController.m; sourceTree = "<group>"; };
		75E8C60C285C29FF00280D58 /* GridMovieCell.h */ = {isa = PBXFileReference; lastKnownFileType = sourcecode.c.h; path = GridMovieCell.h; sourceTree = "<group>"; };
		75E8C60D285C29FF00280D58 /* GridMovieCell.m */ = {isa = PBXFileReference; lastKnownFileType = sourcecode.c.objc; path = GridMovieCell.m; sourceTree = "<group>"; };
		75E8C618285CE5D700280D58 /* DetailsViewController.h */ = {isa = PBXFileReference; lastKnownFileType = sourcecode.c.h; path = DetailsViewController.h; sourceTree = "<group>"; };
		75E8C619285CE5D700280D58 /* DetailsViewController.m */ = {isa = PBXFileReference; lastKnownFileType = sourcecode.c.objc; path = DetailsViewController.m; sourceTree = "<group>"; };
		87CD9B717CE26AD01E352DB7 /* Pods-Flixster-FlixsterUITests.debug.xcconfig */ = {isa = PBXFileReference; includeInIndex = 1; lastKnownFileType = text.xcconfig; name = "Pods-Flixster-FlixsterUITests.debug.xcconfig"; path = "Target Support Files/Pods-Flixster-FlixsterUITests/Pods-Flixster-FlixsterUITests.debug.xcconfig"; sourceTree = "<group>"; };
		91766A7211512F1F513FEF9E /* Pods-Flixster.debug.xcconfig */ = {isa = PBXFileReference; includeInIndex = 1; lastKnownFileType = text.xcconfig; name = "Pods-Flixster.debug.xcconfig"; path = "Target Support Files/Pods-Flixster/Pods-Flixster.debug.xcconfig"; sourceTree = "<group>"; };
		A13E355F107018B2C01B1DD2 /* Pods-FlixsterTests.release.xcconfig */ = {isa = PBXFileReference; includeInIndex = 1; lastKnownFileType = text.xcconfig; name = "Pods-FlixsterTests.release.xcconfig"; path = "Target Support Files/Pods-FlixsterTests/Pods-FlixsterTests.release.xcconfig"; sourceTree = "<group>"; };
		CFBF5731A1382338FD058FB7 /* Pods-Flixster-FlixsterUITests.release.xcconfig */ = {isa = PBXFileReference; includeInIndex = 1; lastKnownFileType = text.xcconfig; name = "Pods-Flixster-FlixsterUITests.release.xcconfig"; path = "Target Support Files/Pods-Flixster-FlixsterUITests/Pods-Flixster-FlixsterUITests.release.xcconfig"; sourceTree = "<group>"; };
/* End PBXFileReference section */

/* Begin PBXFrameworksBuildPhase section */
		750ED29A285A45B400C15625 /* Frameworks */ = {
			isa = PBXFrameworksBuildPhase;
			buildActionMask = 2147483647;
			files = (
				B66F61268EDB0552E364E9FF /* Pods_Flixster.framework in Frameworks */,
			);
			runOnlyForDeploymentPostprocessing = 0;
		};
		750ED2B5285A45B500C15625 /* Frameworks */ = {
			isa = PBXFrameworksBuildPhase;
			buildActionMask = 2147483647;
			files = (
				523672E337557CCCBA182D8E /* Pods_FlixsterTests.framework in Frameworks */,
			);
			runOnlyForDeploymentPostprocessing = 0;
		};
		750ED2BF285A45B500C15625 /* Frameworks */ = {
			isa = PBXFrameworksBuildPhase;
			buildActionMask = 2147483647;
			files = (
				B77A126E64B5126336C4BC2F /* Pods_Flixster_FlixsterUITests.framework in Frameworks */,
			);
			runOnlyForDeploymentPostprocessing = 0;
		};
/* End PBXFrameworksBuildPhase section */

/* Begin PBXGroup section */
		750ED294285A45B400C15625 = {
			isa = PBXGroup;
			children = (
				750ED29F285A45B400C15625 /* Flixster */,
				750ED2BB285A45B500C15625 /* FlixsterTests */,
				750ED2C5285A45B500C15625 /* FlixsterUITests */,
				750ED29E285A45B400C15625 /* Products */,
				E83807577B422B5797B80596 /* Pods */,
				804A82BC15532F57CF67E53B /* Frameworks */,
			);
			sourceTree = "<group>";
		};
		750ED29E285A45B400C15625 /* Products */ = {
			isa = PBXGroup;
			children = (
				750ED29D285A45B400C15625 /* Flixster.app */,
				750ED2B8285A45B500C15625 /* FlixsterTests.xctest */,
				750ED2C2285A45B500C15625 /* FlixsterUITests.xctest */,
			);
			name = Products;
			sourceTree = "<group>";
		};
		750ED29F285A45B400C15625 /* Flixster */ = {
			isa = PBXGroup;
			children = (
				75D80C75286161930019C392 /* Views */,
				75D80C742861614E0019C392 /* View Controllers */,
				750ED2A0285A45B400C15625 /* AppDelegate.h */,
				750ED2A1285A45B400C15625 /* AppDelegate.m */,
				750ED2A3285A45B400C15625 /* SceneDelegate.h */,
				750ED2A4285A45B400C15625 /* SceneDelegate.m */,
				750ED2A9285A45B400C15625 /* Main.storyboard */,
				750ED2AC285A45B500C15625 /* Assets.xcassets */,
				750ED2AE285A45B500C15625 /* LaunchScreen.storyboard */,
				750ED2B1285A45B500C15625 /* Info.plist */,
				750ED2B2285A45B500C15625 /* main.m */,
			);
			path = Flixster;
			sourceTree = "<group>";
		};
		750ED2BB285A45B500C15625 /* FlixsterTests */ = {
			isa = PBXGroup;
			children = (
				750ED2BC285A45B500C15625 /* FlixsterTests.m */,
			);
			path = FlixsterTests;
			sourceTree = "<group>";
		};
		750ED2C5285A45B500C15625 /* FlixsterUITests */ = {
			isa = PBXGroup;
			children = (
				750ED2C6285A45B500C15625 /* FlixsterUITests.m */,
				750ED2C8285A45B500C15625 /* FlixsterUITestsLaunchTests.m */,
			);
			path = FlixsterUITests;
			sourceTree = "<group>";
		};
		75D80C742861614E0019C392 /* View Controllers */ = {
			isa = PBXGroup;
			children = (
				75E8C5FD285BC59A00280D58 /* MovieViewController.h */,
				75E8C5FE285BC59A00280D58 /* MovieViewController.m */,
				75E8C609285BF7E700280D58 /* GridViewController.h */,
				75E8C60A285BF7E700280D58 /* GridViewController.m */,
				75E8C618285CE5D700280D58 /* DetailsViewController.h */,
				75E8C619285CE5D700280D58 /* DetailsViewController.m */,
			);
			path = "View Controllers";
			sourceTree = "<group>";
		};
		75D80C75286161930019C392 /* Views */ = {
			isa = PBXGroup;
			children = (
				75E8C60C285C29FF00280D58 /* GridMovieCell.h */,
				75E8C60D285C29FF00280D58 /* GridMovieCell.m */,
				75E8C606285BC7E100280D58 /* MovieCell.h */,
				75E8C607285BC7E100280D58 /* MovieCell.m */,
			);
			path = Views;
			sourceTree = "<group>";
		};
		804A82BC15532F57CF67E53B /* Frameworks */ = {
			isa = PBXGroup;
			children = (
				61BCCC92BF385C7660962ABD /* Pods_Flixster.framework */,
				5283CC066E105EFA93C4B7F1 /* Pods_Flixster_FlixsterUITests.framework */,
				33868FDD7462E764144C2FB0 /* Pods_FlixsterTests.framework */,
			);
			name = Frameworks;
			sourceTree = "<group>";
		};
		E83807577B422B5797B80596 /* Pods */ = {
			isa = PBXGroup;
			children = (
				91766A7211512F1F513FEF9E /* Pods-Flixster.debug.xcconfig */,
				0B015EF169D4EF33B8B99D1A /* Pods-Flixster.release.xcconfig */,
				87CD9B717CE26AD01E352DB7 /* Pods-Flixster-FlixsterUITests.debug.xcconfig */,
				CFBF5731A1382338FD058FB7 /* Pods-Flixster-FlixsterUITests.release.xcconfig */,
				367F9C615929C31DCB7AC5AA /* Pods-FlixsterTests.debug.xcconfig */,
				A13E355F107018B2C01B1DD2 /* Pods-FlixsterTests.release.xcconfig */,
			);
			path = Pods;
			sourceTree = "<group>";
		};
/* End PBXGroup section */

/* Begin PBXNativeTarget section */
		750ED29C285A45B400C15625 /* Flixster */ = {
			isa = PBXNativeTarget;
			buildConfigurationList = 750ED2CC285A45B500C15625 /* Build configuration list for PBXNativeTarget "Flixster" */;
			buildPhases = (
				77EA54B820466BAC89630A49 /* [CP] Check Pods Manifest.lock */,
				750ED299285A45B400C15625 /* Sources */,
				750ED29A285A45B400C15625 /* Frameworks */,
				750ED29B285A45B400C15625 /* Resources */,
				221543BD1BA42558DEDBC342 /* [CP] Embed Pods Frameworks */,
			);
			buildRules = (
			);
			dependencies = (
			);
			name = Flixster;
			productName = Flixster;
			productReference = 750ED29D285A45B400C15625 /* Flixster.app */;
			productType = "com.apple.product-type.application";
		};
		750ED2B7285A45B500C15625 /* FlixsterTests */ = {
			isa = PBXNativeTarget;
			buildConfigurationList = 750ED2CF285A45B500C15625 /* Build configuration list for PBXNativeTarget "FlixsterTests" */;
			buildPhases = (
				24C158D7A31A2BE6C7E5EE27 /* [CP] Check Pods Manifest.lock */,
				750ED2B4285A45B500C15625 /* Sources */,
				750ED2B5285A45B500C15625 /* Frameworks */,
				750ED2B6285A45B500C15625 /* Resources */,
			);
			buildRules = (
			);
			dependencies = (
				750ED2BA285A45B500C15625 /* PBXTargetDependency */,
			);
			name = FlixsterTests;
			productName = FlixsterTests;
			productReference = 750ED2B8285A45B500C15625 /* FlixsterTests.xctest */;
			productType = "com.apple.product-type.bundle.unit-test";
		};
		750ED2C1285A45B500C15625 /* FlixsterUITests */ = {
			isa = PBXNativeTarget;
			buildConfigurationList = 750ED2D2285A45B500C15625 /* Build configuration list for PBXNativeTarget "FlixsterUITests" */;
			buildPhases = (
				91961CA820313CD7492B22CB /* [CP] Check Pods Manifest.lock */,
				750ED2BE285A45B500C15625 /* Sources */,
				750ED2BF285A45B500C15625 /* Frameworks */,
				750ED2C0285A45B500C15625 /* Resources */,
				34A912C3B77CF2A1CD3EF88E /* [CP] Embed Pods Frameworks */,
			);
			buildRules = (
			);
			dependencies = (
				750ED2C4285A45B500C15625 /* PBXTargetDependency */,
			);
			name = FlixsterUITests;
			productName = FlixsterUITests;
			productReference = 750ED2C2285A45B500C15625 /* FlixsterUITests.xctest */;
			productType = "com.apple.product-type.bundle.ui-testing";
		};
/* End PBXNativeTarget section */

/* Begin PBXProject section */
		750ED295285A45B400C15625 /* Project object */ = {
			isa = PBXProject;
			attributes = {
				BuildIndependentTargetsInParallel = 1;
				LastUpgradeCheck = 1340;
				TargetAttributes = {
					750ED29C285A45B400C15625 = {
						CreatedOnToolsVersion = 13.4;
					};
					750ED2B7285A45B500C15625 = {
						CreatedOnToolsVersion = 13.4;
						TestTargetID = 750ED29C285A45B400C15625;
					};
					750ED2C1285A45B500C15625 = {
						CreatedOnToolsVersion = 13.4;
						TestTargetID = 750ED29C285A45B400C15625;
					};
				};
			};
			buildConfigurationList = 750ED298285A45B400C15625 /* Build configuration list for PBXProject "Flixster" */;
			compatibilityVersion = "Xcode 13.0";
			developmentRegion = en;
			hasScannedForEncodings = 0;
			knownRegions = (
				en,
				Base,
			);
			mainGroup = 750ED294285A45B400C15625;
			productRefGroup = 750ED29E285A45B400C15625 /* Products */;
			projectDirPath = "";
			projectRoot = "";
			targets = (
				750ED29C285A45B400C15625 /* Flixster */,
				750ED2B7285A45B500C15625 /* FlixsterTests */,
				750ED2C1285A45B500C15625 /* FlixsterUITests */,
			);
		};
/* End PBXProject section */

/* Begin PBXResourcesBuildPhase section */
		750ED29B285A45B400C15625 /* Resources */ = {
			isa = PBXResourcesBuildPhase;
			buildActionMask = 2147483647;
			files = (
				750ED2B0285A45B500C15625 /* LaunchScreen.storyboard in Resources */,
				750ED2AD285A45B500C15625 /* Assets.xcassets in Resources */,
				750ED2AB285A45B400C15625 /* Main.storyboard in Resources */,
			);
			runOnlyForDeploymentPostprocessing = 0;
		};
		750ED2B6285A45B500C15625 /* Resources */ = {
			isa = PBXResourcesBuildPhase;
			buildActionMask = 2147483647;
			files = (
			);
			runOnlyForDeploymentPostprocessing = 0;
		};
		750ED2C0285A45B500C15625 /* Resources */ = {
			isa = PBXResourcesBuildPhase;
			buildActionMask = 2147483647;
			files = (
			);
			runOnlyForDeploymentPostprocessing = 0;
		};
/* End PBXResourcesBuildPhase section */

/* Begin PBXShellScriptBuildPhase section */
		221543BD1BA42558DEDBC342 /* [CP] Embed Pods Frameworks */ = {
			isa = PBXShellScriptBuildPhase;
			buildActionMask = 2147483647;
			files = (
			);
			inputFileListPaths = (
				"${PODS_ROOT}/Target Support Files/Pods-Flixster/Pods-Flixster-frameworks-${CONFIGURATION}-input-files.xcfilelist",
			);
			name = "[CP] Embed Pods Frameworks";
			outputFileListPaths = (
				"${PODS_ROOT}/Target Support Files/Pods-Flixster/Pods-Flixster-frameworks-${CONFIGURATION}-output-files.xcfilelist",
			);
			runOnlyForDeploymentPostprocessing = 0;
			shellPath = /bin/sh;
			shellScript = "\"${PODS_ROOT}/Target Support Files/Pods-Flixster/Pods-Flixster-frameworks.sh\"\n";
			showEnvVarsInLog = 0;
		};
		24C158D7A31A2BE6C7E5EE27 /* [CP] Check Pods Manifest.lock */ = {
			isa = PBXShellScriptBuildPhase;
			buildActionMask = 2147483647;
			files = (
			);
			inputFileListPaths = (
			);
			inputPaths = (
				"${PODS_PODFILE_DIR_PATH}/Podfile.lock",
				"${PODS_ROOT}/Manifest.lock",
			);
			name = "[CP] Check Pods Manifest.lock";
			outputFileListPaths = (
			);
			outputPaths = (
				"$(DERIVED_FILE_DIR)/Pods-FlixsterTests-checkManifestLockResult.txt",
			);
			runOnlyForDeploymentPostprocessing = 0;
			shellPath = /bin/sh;
			shellScript = "diff \"${PODS_PODFILE_DIR_PATH}/Podfile.lock\" \"${PODS_ROOT}/Manifest.lock\" > /dev/null\nif [ $? != 0 ] ; then\n    # print error to STDERR\n    echo \"error: The sandbox is not in sync with the Podfile.lock. Run 'pod install' or update your CocoaPods installation.\" >&2\n    exit 1\nfi\n# This output is used by Xcode 'outputs' to avoid re-running this script phase.\necho \"SUCCESS\" > \"${SCRIPT_OUTPUT_FILE_0}\"\n";
			showEnvVarsInLog = 0;
		};
		34A912C3B77CF2A1CD3EF88E /* [CP] Embed Pods Frameworks */ = {
			isa = PBXShellScriptBuildPhase;
			buildActionMask = 2147483647;
			files = (
			);
			inputFileListPaths = (
				"${PODS_ROOT}/Target Support Files/Pods-Flixster-FlixsterUITests/Pods-Flixster-FlixsterUITests-frameworks-${CONFIGURATION}-input-files.xcfilelist",
			);
			name = "[CP] Embed Pods Frameworks";
			outputFileListPaths = (
				"${PODS_ROOT}/Target Support Files/Pods-Flixster-FlixsterUITests/Pods-Flixster-FlixsterUITests-frameworks-${CONFIGURATION}-output-files.xcfilelist",
			);
			runOnlyForDeploymentPostprocessing = 0;
			shellPath = /bin/sh;
			shellScript = "\"${PODS_ROOT}/Target Support Files/Pods-Flixster-FlixsterUITests/Pods-Flixster-FlixsterUITests-frameworks.sh\"\n";
			showEnvVarsInLog = 0;
		};
		77EA54B820466BAC89630A49 /* [CP] Check Pods Manifest.lock */ = {
			isa = PBXShellScriptBuildPhase;
			buildActionMask = 2147483647;
			files = (
			);
			inputFileListPaths = (
			);
			inputPaths = (
				"${PODS_PODFILE_DIR_PATH}/Podfile.lock",
				"${PODS_ROOT}/Manifest.lock",
			);
			name = "[CP] Check Pods Manifest.lock";
			outputFileListPaths = (
			);
			outputPaths = (
				"$(DERIVED_FILE_DIR)/Pods-Flixster-checkManifestLockResult.txt",
			);
			runOnlyForDeploymentPostprocessing = 0;
			shellPath = /bin/sh;
			shellScript = "diff \"${PODS_PODFILE_DIR_PATH}/Podfile.lock\" \"${PODS_ROOT}/Manifest.lock\" > /dev/null\nif [ $? != 0 ] ; then\n    # print error to STDERR\n    echo \"error: The sandbox is not in sync with the Podfile.lock. Run 'pod install' or update your CocoaPods installation.\" >&2\n    exit 1\nfi\n# This output is used by Xcode 'outputs' to avoid re-running this script phase.\necho \"SUCCESS\" > \"${SCRIPT_OUTPUT_FILE_0}\"\n";
			showEnvVarsInLog = 0;
		};
		91961CA820313CD7492B22CB /* [CP] Check Pods Manifest.lock */ = {
			isa = PBXShellScriptBuildPhase;
			buildActionMask = 2147483647;
			files = (
			);
			inputFileListPaths = (
			);
			inputPaths = (
				"${PODS_PODFILE_DIR_PATH}/Podfile.lock",
				"${PODS_ROOT}/Manifest.lock",
			);
			name = "[CP] Check Pods Manifest.lock";
			outputFileListPaths = (
			);
			outputPaths = (
				"$(DERIVED_FILE_DIR)/Pods-Flixster-FlixsterUITests-checkManifestLockResult.txt",
			);
			runOnlyForDeploymentPostprocessing = 0;
			shellPath = /bin/sh;
			shellScript = "diff \"${PODS_PODFILE_DIR_PATH}/Podfile.lock\" \"${PODS_ROOT}/Manifest.lock\" > /dev/null\nif [ $? != 0 ] ; then\n    # print error to STDERR\n    echo \"error: The sandbox is not in sync with the Podfile.lock. Run 'pod install' or update your CocoaPods installation.\" >&2\n    exit 1\nfi\n# This output is used by Xcode 'outputs' to avoid re-running this script phase.\necho \"SUCCESS\" > \"${SCRIPT_OUTPUT_FILE_0}\"\n";
			showEnvVarsInLog = 0;
		};
/* End PBXShellScriptBuildPhase section */

/* Begin PBXSourcesBuildPhase section */
		750ED299285A45B400C15625 /* Sources */ = {
			isa = PBXSourcesBuildPhase;
			buildActionMask = 2147483647;
			files = (
				75E8C60E285C29FF00280D58 /* GridMovieCell.m in Sources */,
				75E8C5FF285BC59A00280D58 /* MovieViewController.m in Sources */,
				750ED2A2285A45B400C15625 /* AppDelegate.m in Sources */,
				750ED2B3285A45B500C15625 /* main.m in Sources */,
				75E8C608285BC7E100280D58 /* MovieCell.m in Sources */,
				75E8C60B285BF7E700280D58 /* GridViewController.m in Sources */,
				750ED2A5285A45B400C15625 /* SceneDelegate.m in Sources */,
				75E8C61A285CE5D700280D58 /* DetailsViewController.m in Sources */,
			);
			runOnlyForDeploymentPostprocessing = 0;
		};
		750ED2B4285A45B500C15625 /* Sources */ = {
			isa = PBXSourcesBuildPhase;
			buildActionMask = 2147483647;
			files = (
				750ED2BD285A45B500C15625 /* FlixsterTests.m in Sources */,
			);
			runOnlyForDeploymentPostprocessing = 0;
		};
		750ED2BE285A45B500C15625 /* Sources */ = {
			isa = PBXSourcesBuildPhase;
			buildActionMask = 2147483647;
			files = (
				750ED2C7285A45B500C15625 /* FlixsterUITests.m in Sources */,
				750ED2C9285A45B500C15625 /* FlixsterUITestsLaunchTests.m in Sources */,
			);
			runOnlyForDeploymentPostprocessing = 0;
		};
/* End PBXSourcesBuildPhase section */

/* Begin PBXTargetDependency section */
		750ED2BA285A45B500C15625 /* PBXTargetDependency */ = {
			isa = PBXTargetDependency;
			target = 750ED29C285A45B400C15625 /* Flixster */;
			targetProxy = 750ED2B9285A45B500C15625 /* PBXContainerItemProxy */;
		};
		750ED2C4285A45B500C15625 /* PBXTargetDependency */ = {
			isa = PBXTargetDependency;
			target = 750ED29C285A45B400C15625 /* Flixster */;
			targetProxy = 750ED2C3285A45B500C15625 /* PBXContainerItemProxy */;
		};
/* End PBXTargetDependency section */

/* Begin PBXVariantGroup section */
		750ED2A9285A45B400C15625 /* Main.storyboard */ = {
			isa = PBXVariantGroup;
			children = (
				750ED2AA285A45B400C15625 /* Base */,
			);
			name = Main.storyboard;
			sourceTree = "<group>";
		};
		750ED2AE285A45B500C15625 /* LaunchScreen.storyboard */ = {
			isa = PBXVariantGroup;
			children = (
				750ED2AF285A45B500C15625 /* Base */,
			);
			name = LaunchScreen.storyboard;
			sourceTree = "<group>";
		};
/* End PBXVariantGroup section */

/* Begin XCBuildConfiguration section */
		750ED2CA285A45B500C15625 /* Debug */ = {
			isa = XCBuildConfiguration;
			buildSettings = {
				ALWAYS_SEARCH_USER_PATHS = NO;
				CLANG_ANALYZER_NONNULL = YES;
				CLANG_ANALYZER_NUMBER_OBJECT_CONVERSION = YES_AGGRESSIVE;
				CLANG_CXX_LANGUAGE_STANDARD = "gnu++17";
				CLANG_ENABLE_MODULES = YES;
				CLANG_ENABLE_OBJC_ARC = YES;
				CLANG_ENABLE_OBJC_WEAK = YES;
				CLANG_WARN_BLOCK_CAPTURE_AUTORELEASING = YES;
				CLANG_WARN_BOOL_CONVERSION = YES;
				CLANG_WARN_COMMA = YES;
				CLANG_WARN_CONSTANT_CONVERSION = YES;
				CLANG_WARN_DEPRECATED_OBJC_IMPLEMENTATIONS = YES;
				CLANG_WARN_DIRECT_OBJC_ISA_USAGE = YES_ERROR;
				CLANG_WARN_DOCUMENTATION_COMMENTS = YES;
				CLANG_WARN_EMPTY_BODY = YES;
				CLANG_WARN_ENUM_CONVERSION = YES;
				CLANG_WARN_INFINITE_RECURSION = YES;
				CLANG_WARN_INT_CONVERSION = YES;
				CLANG_WARN_NON_LITERAL_NULL_CONVERSION = YES;
				CLANG_WARN_OBJC_IMPLICIT_RETAIN_SELF = YES;
				CLANG_WARN_OBJC_LITERAL_CONVERSION = YES;
				CLANG_WARN_OBJC_ROOT_CLASS = YES_ERROR;
				CLANG_WARN_QUOTED_INCLUDE_IN_FRAMEWORK_HEADER = YES;
				CLANG_WARN_RANGE_LOOP_ANALYSIS = YES;
				CLANG_WARN_STRICT_PROTOTYPES = YES;
				CLANG_WARN_SUSPICIOUS_MOVE = YES;
				CLANG_WARN_UNGUARDED_AVAILABILITY = YES_AGGRESSIVE;
				CLANG_WARN_UNREACHABLE_CODE = YES;
				CLANG_WARN__DUPLICATE_METHOD_MATCH = YES;
				COPY_PHASE_STRIP = NO;
				DEBUG_INFORMATION_FORMAT = dwarf;
				ENABLE_STRICT_OBJC_MSGSEND = YES;
				ENABLE_TESTABILITY = YES;
				GCC_C_LANGUAGE_STANDARD = gnu11;
				GCC_DYNAMIC_NO_PIC = NO;
				GCC_NO_COMMON_BLOCKS = YES;
				GCC_OPTIMIZATION_LEVEL = 0;
				GCC_PREPROCESSOR_DEFINITIONS = (
					"DEBUG=1",
					"$(inherited)",
				);
				GCC_WARN_64_TO_32_BIT_CONVERSION = YES;
				GCC_WARN_ABOUT_RETURN_TYPE = YES_ERROR;
				GCC_WARN_UNDECLARED_SELECTOR = YES;
				GCC_WARN_UNINITIALIZED_AUTOS = YES_AGGRESSIVE;
				GCC_WARN_UNUSED_FUNCTION = YES;
				GCC_WARN_UNUSED_VARIABLE = YES;
				IPHONEOS_DEPLOYMENT_TARGET = 15.5;
				MTL_ENABLE_DEBUG_INFO = INCLUDE_SOURCE;
				MTL_FAST_MATH = YES;
				ONLY_ACTIVE_ARCH = YES;
				SDKROOT = iphoneos;
			};
			name = Debug;
		};
		750ED2CB285A45B500C15625 /* Release */ = {
			isa = XCBuildConfiguration;
			buildSettings = {
				ALWAYS_SEARCH_USER_PATHS = NO;
				CLANG_ANALYZER_NONNULL = YES;
				CLANG_ANALYZER_NUMBER_OBJECT_CONVERSION = YES_AGGRESSIVE;
				CLANG_CXX_LANGUAGE_STANDARD = "gnu++17";
				CLANG_ENABLE_MODULES = YES;
				CLANG_ENABLE_OBJC_ARC = YES;
				CLANG_ENABLE_OBJC_WEAK = YES;
				CLANG_WARN_BLOCK_CAPTURE_AUTORELEASING = YES;
				CLANG_WARN_BOOL_CONVERSION = YES;
				CLANG_WARN_COMMA = YES;
				CLANG_WARN_CONSTANT_CONVERSION = YES;
				CLANG_WARN_DEPRECATED_OBJC_IMPLEMENTATIONS = YES;
				CLANG_WARN_DIRECT_OBJC_ISA_USAGE = YES_ERROR;
				CLANG_WARN_DOCUMENTATION_COMMENTS = YES;
				CLANG_WARN_EMPTY_BODY = YES;
				CLANG_WARN_ENUM_CONVERSION = YES;
				CLANG_WARN_INFINITE_RECURSION = YES;
				CLANG_WARN_INT_CONVERSION = YES;
				CLANG_WARN_NON_LITERAL_NULL_CONVERSION = YES;
				CLANG_WARN_OBJC_IMPLICIT_RETAIN_SELF = YES;
				CLANG_WARN_OBJC_LITERAL_CONVERSION = YES;
				CLANG_WARN_OBJC_ROOT_CLASS = YES_ERROR;
				CLANG_WARN_QUOTED_INCLUDE_IN_FRAMEWORK_HEADER = YES;
				CLANG_WARN_RANGE_LOOP_ANALYSIS = YES;
				CLANG_WARN_STRICT_PROTOTYPES = YES;
				CLANG_WARN_SUSPICIOUS_MOVE = YES;
				CLANG_WARN_UNGUARDED_AVAILABILITY = YES_AGGRESSIVE;
				CLANG_WARN_UNREACHABLE_CODE = YES;
				CLANG_WARN__DUPLICATE_METHOD_MATCH = YES;
				COPY_PHASE_STRIP = NO;
				DEBUG_INFORMATION_FORMAT = "dwarf-with-dsym";
				ENABLE_NS_ASSERTIONS = NO;
				ENABLE_STRICT_OBJC_MSGSEND = YES;
				GCC_C_LANGUAGE_STANDARD = gnu11;
				GCC_NO_COMMON_BLOCKS = YES;
				GCC_WARN_64_TO_32_BIT_CONVERSION = YES;
				GCC_WARN_ABOUT_RETURN_TYPE = YES_ERROR;
				GCC_WARN_UNDECLARED_SELECTOR = YES;
				GCC_WARN_UNINITIALIZED_AUTOS = YES_AGGRESSIVE;
				GCC_WARN_UNUSED_FUNCTION = YES;
				GCC_WARN_UNUSED_VARIABLE = YES;
				IPHONEOS_DEPLOYMENT_TARGET = 15.5;
				MTL_ENABLE_DEBUG_INFO = NO;
				MTL_FAST_MATH = YES;
				SDKROOT = iphoneos;
				VALIDATE_PRODUCT = YES;
			};
			name = Release;
		};
		750ED2CD285A45B500C15625 /* Debug */ = {
			isa = XCBuildConfiguration;
			baseConfigurationReference = 91766A7211512F1F513FEF9E /* Pods-Flixster.debug.xcconfig */;
			buildSettings = {
				ASSETCATALOG_COMPILER_APPICON_NAME = AppIcon;
				ASSETCATALOG_COMPILER_GLOBAL_ACCENT_COLOR_NAME = AccentColor;
				CODE_SIGN_STYLE = Automatic;
				CURRENT_PROJECT_VERSION = 1;
				DEVELOPMENT_TEAM = 48LVGTR23Q;
				GENERATE_INFOPLIST_FILE = YES;
				INFOPLIST_FILE = Flixster/Info.plist;
				INFOPLIST_KEY_UIApplicationSupportsIndirectInputEvents = YES;
				INFOPLIST_KEY_UILaunchStoryboardName = LaunchScreen;
				INFOPLIST_KEY_UIMainStoryboardFile = Main;
				INFOPLIST_KEY_UISupportedInterfaceOrientations_iPad = "UIInterfaceOrientationPortrait UIInterfaceOrientationPortraitUpsideDown UIInterfaceOrientationLandscapeLeft UIInterfaceOrientationLandscapeRight";
				INFOPLIST_KEY_UISupportedInterfaceOrientations_iPhone = "UIInterfaceOrientationPortrait UIInterfaceOrientationLandscapeLeft UIInterfaceOrientationLandscapeRight";
				LD_RUNPATH_SEARCH_PATHS = (
					"$(inherited)",
					"@executable_path/Frameworks",
				);
				MARKETING_VERSION = 1.0;
				PRODUCT_BUNDLE_IDENTIFIER = com.ellabuysse.Flixster;
				PRODUCT_NAME = "$(TARGET_NAME)";
				SWIFT_EMIT_LOC_STRINGS = YES;
				TARGETED_DEVICE_FAMILY = "1,2";
			};
			name = Debug;
		};
		750ED2CE285A45B500C15625 /* Release */ = {
			isa = XCBuildConfiguration;
			baseConfigurationReference = 0B015EF169D4EF33B8B99D1A /* Pods-Flixster.release.xcconfig */;
			buildSettings = {
				ASSETCATALOG_COMPILER_APPICON_NAME = AppIcon;
				ASSETCATALOG_COMPILER_GLOBAL_ACCENT_COLOR_NAME = AccentColor;
				CODE_SIGN_STYLE = Automatic;
				CURRENT_PROJECT_VERSION = 1;
				DEVELOPMENT_TEAM = 48LVGTR23Q;
				GENERATE_INFOPLIST_FILE = YES;
				INFOPLIST_FILE = Flixster/Info.plist;
				INFOPLIST_KEY_UIApplicationSupportsIndirectInputEvents = YES;
				INFOPLIST_KEY_UILaunchStoryboardName = LaunchScreen;
				INFOPLIST_KEY_UIMainStoryboardFile = Main;
				INFOPLIST_KEY_UISupportedInterfaceOrientations_iPad = "UIInterfaceOrientationPortrait UIInterfaceOrientationPortraitUpsideDown UIInterfaceOrientationLandscapeLeft UIInterfaceOrientationLandscapeRight";
				INFOPLIST_KEY_UISupportedInterfaceOrientations_iPhone = "UIInterfaceOrientationPortrait UIInterfaceOrientationLandscapeLeft UIInterfaceOrientationLandscapeRight";
				LD_RUNPATH_SEARCH_PATHS = (
					"$(inherited)",
					"@executable_path/Frameworks",
				);
				MARKETING_VERSION = 1.0;
				PRODUCT_BUNDLE_IDENTIFIER = com.ellabuysse.Flixster;
				PRODUCT_NAME = "$(TARGET_NAME)";
				SWIFT_EMIT_LOC_STRINGS = YES;
				TARGETED_DEVICE_FAMILY = "1,2";
			};
			name = Release;
		};
		750ED2D0285A45B500C15625 /* Debug */ = {
			isa = XCBuildConfiguration;
			baseConfigurationReference = 367F9C615929C31DCB7AC5AA /* Pods-FlixsterTests.debug.xcconfig */;
			buildSettings = {
				BUNDLE_LOADER = "$(TEST_HOST)";
				CODE_SIGN_STYLE = Automatic;
				CURRENT_PROJECT_VERSION = 1;
				DEVELOPMENT_TEAM = 48LVGTR23Q;
				GENERATE_INFOPLIST_FILE = YES;
				IPHONEOS_DEPLOYMENT_TARGET = 15.5;
				MARKETING_VERSION = 1.0;
				PRODUCT_BUNDLE_IDENTIFIER = com.ellabuysse.FlixsterTests;
				PRODUCT_NAME = "$(TARGET_NAME)";
				SWIFT_EMIT_LOC_STRINGS = NO;
				TARGETED_DEVICE_FAMILY = "1,2";
				TEST_HOST = "$(BUILT_PRODUCTS_DIR)/Flixster.app/Flixster";
			};
			name = Debug;
		};
		750ED2D1285A45B500C15625 /* Release */ = {
			isa = XCBuildConfiguration;
			baseConfigurationReference = A13E355F107018B2C01B1DD2 /* Pods-FlixsterTests.release.xcconfig */;
			buildSettings = {
				BUNDLE_LOADER = "$(TEST_HOST)";
				CODE_SIGN_STYLE = Automatic;
				CURRENT_PROJECT_VERSION = 1;
				DEVELOPMENT_TEAM = 48LVGTR23Q;
				GENERATE_INFOPLIST_FILE = YES;
				IPHONEOS_DEPLOYMENT_TARGET = 15.5;
				MARKETING_VERSION = 1.0;
				PRODUCT_BUNDLE_IDENTIFIER = com.ellabuysse.FlixsterTests;
				PRODUCT_NAME = "$(TARGET_NAME)";
				SWIFT_EMIT_LOC_STRINGS = NO;
				TARGETED_DEVICE_FAMILY = "1,2";
				TEST_HOST = "$(BUILT_PRODUCTS_DIR)/Flixster.app/Flixster";
			};
			name = Release;
		};
		750ED2D3285A45B500C15625 /* Debug */ = {
			isa = XCBuildConfiguration;
			baseConfigurationReference = 87CD9B717CE26AD01E352DB7 /* Pods-Flixster-FlixsterUITests.debug.xcconfig */;
			buildSettings = {
				CODE_SIGN_STYLE = Automatic;
				CURRENT_PROJECT_VERSION = 1;
				DEVELOPMENT_TEAM = 48LVGTR23Q;
				GENERATE_INFOPLIST_FILE = YES;
				MARKETING_VERSION = 1.0;
				PRODUCT_BUNDLE_IDENTIFIER = com.ellabuysse.FlixsterUITests;
				PRODUCT_NAME = "$(TARGET_NAME)";
				SWIFT_EMIT_LOC_STRINGS = NO;
				TARGETED_DEVICE_FAMILY = "1,2";
				TEST_TARGET_NAME = Flixster;
			};
			name = Debug;
		};
		750ED2D4285A45B500C15625 /* Release */ = {
			isa = XCBuildConfiguration;
			baseConfigurationReference = CFBF5731A1382338FD058FB7 /* Pods-Flixster-FlixsterUITests.release.xcconfig */;
			buildSettings = {
				CODE_SIGN_STYLE = Automatic;
				CURRENT_PROJECT_VERSION = 1;
				DEVELOPMENT_TEAM = 48LVGTR23Q;
				GENERATE_INFOPLIST_FILE = YES;
				MARKETING_VERSION = 1.0;
				PRODUCT_BUNDLE_IDENTIFIER = com.ellabuysse.FlixsterUITests;
				PRODUCT_NAME = "$(TARGET_NAME)";
				SWIFT_EMIT_LOC_STRINGS = NO;
				TARGETED_DEVICE_FAMILY = "1,2";
				TEST_TARGET_NAME = Flixster;
			};
			name = Release;
		};
/* End XCBuildConfiguration section */

/* Begin XCConfigurationList section */
		750ED298285A45B400C15625 /* Build configuration list for PBXProject "Flixster" */ = {
			isa = XCConfigurationList;
			buildConfigurations = (
				750ED2CA285A45B500C15625 /* Debug */,
				750ED2CB285A45B500C15625 /* Release */,
			);
			defaultConfigurationIsVisible = 0;
			defaultConfigurationName = Release;
		};
		750ED2CC285A45B500C15625 /* Build configuration list for PBXNativeTarget "Flixster" */ = {
			isa = XCConfigurationList;
			buildConfigurations = (
				750ED2CD285A45B500C15625 /* Debug */,
				750ED2CE285A45B500C15625 /* Release */,
			);
			defaultConfigurationIsVisible = 0;
			defaultConfigurationName = Release;
		};
		750ED2CF285A45B500C15625 /* Build configuration list for PBXNativeTarget "FlixsterTests" */ = {
			isa = XCConfigurationList;
			buildConfigurations = (
				750ED2D0285A45B500C15625 /* Debug */,
				750ED2D1285A45B500C15625 /* Release */,
			);
			defaultConfigurationIsVisible = 0;
			defaultConfigurationName = Release;
		};
		750ED2D2285A45B500C15625 /* Build configuration list for PBXNativeTarget "FlixsterUITests" */ = {
			isa = XCConfigurationList;
			buildConfigurations = (
				750ED2D3285A45B500C15625 /* Debug */,
				750ED2D4285A45B500C15625 /* Release */,
			);
			defaultConfigurationIsVisible = 0;
			defaultConfigurationName = Release;
		};
/* End XCConfigurationList section */
	};
	rootObject = 750ED295285A45B400C15625 /* Project object */;
}
